{
  "version": 4,
  "terraform_version": "0.12.28",
  "serial": 338,
  "lineage": "1969850e-adb2-1171-5cf2-da2b3b4610e4",
  "outputs": {
    "docker_reg_ip": {
      "value": {
        "floating": "94.130.191.115",
        "linux_device": "/dev/disk/by-id/scsi-0HC_Volume_6673002",
        "server": "116.203.157.144"
      },
      "type": [
        "object",
        {
          "floating": "string",
          "linux_device": "string",
          "server": "string"
        }
      ]
    },
    "gitlab_ip": {
      "value": {
        "floating": "116.202.186.178",
        "linux_device": "/dev/disk/by-id/scsi-0HC_Volume_6655141",
        "server": "195.201.98.66"
      },
      "type": [
        "object",
        {
          "floating": "string",
          "linux_device": "string",
          "server": "string"
        }
      ]
    },
    "graylog_ip": {
      "value": {
        "floating": "116.202.181.110",
        "linux_device": "/dev/disk/by-id/scsi-0HC_Volume_6196577",
        "server": "116.203.199.19"
      },
      "type": [
        "object",
        {
          "floating": "string",
          "linux_device": "string",
          "server": "string"
        }
      ]
    }
  },
  "resources": [
    {
      "module": "module.gitlab_server",
      "mode": "data",
      "type": "hcloud_floating_ip",
      "name": "master",
      "provider": "provider.hcloud",
      "instances": [
        {
          "schema_version": 0,
          "attributes": {
            "description": "",
            "home_location": "nbg1",
            "id": 315102,
            "ip_address": "116.202.186.178",
            "ip_network": null,
            "labels": {},
            "name": "git2",
            "selector": null,
            "server_id": 7146538,
            "type": "ipv4",
            "with_selector": null
          }
        }
      ]
    },
    {
      "module": "module.graylog_server",
      "mode": "data",
      "type": "hcloud_floating_ip",
      "name": "master",
      "provider": "provider.hcloud",
      "instances": [
        {
          "schema_version": 0,
          "attributes": {
            "description": "",
            "home_location": "nbg1",
            "id": 287815,
            "ip_address": "116.202.181.110",
            "ip_network": null,
            "labels": {},
            "name": "logs.ikor.de",
            "selector": null,
            "server_id": 6631256,
            "type": "ipv4",
            "with_selector": null
          }
        }
      ]
    },
    {
      "module": "module.docker_registry_server",
      "mode": "data",
      "type": "hcloud_floating_ip",
      "name": "master",
      "provider": "provider.hcloud",
      "instances": [
        {
          "schema_version": 0,
          "attributes": {
            "description": "",
            "home_location": "nbg1",
            "id": 222796,
            "ip_address": "94.130.191.115",
            "ip_network": null,
            "labels": {},
            "name": "docker.ikor.de",
            "selector": null,
            "server_id": 7166715,
            "type": "ipv4",
            "with_selector": null
          }
        }
      ]
    },
    {
      "module": "module.gitlab_server",
      "mode": "data",
      "type": "hcloud_network",
      "name": "master",
      "provider": "provider.hcloud",
      "instances": [
        {
          "schema_version": 0,
          "attributes": {
            "id": 64847,
            "ip_range": "10.0.0.0/16",
            "labels": {},
            "name": "ikor-network",
            "with_selector": null
          }
        }
      ]
    },
    {
      "module": "module.graylog_server",
      "mode": "data",
      "type": "hcloud_network",
      "name": "master",
      "provider": "provider.hcloud",
      "instances": [
        {
          "schema_version": 0,
          "attributes": {
            "id": 64847,
            "ip_range": "10.0.0.0/16",
            "labels": {},
            "name": "ikor-network",
            "with_selector": null
          }
        }
      ]
    },
    {
      "module": "module.docker_registry_server",
      "mode": "data",
      "type": "hcloud_network",
      "name": "master",
      "provider": "provider.hcloud",
      "instances": [
        {
          "schema_version": 0,
          "attributes": {
            "id": 64847,
            "ip_range": "10.0.0.0/16",
            "labels": {},
            "name": "ikor-network",
            "with_selector": null
          }
        }
      ]
    },
    {
      "module": "module.gitlab_server",
      "mode": "managed",
      "type": "hcloud_floating_ip_assignment",
      "name": "main",
      "provider": "provider.hcloud",
      "instances": [
        {
          "schema_version": 0,
          "attributes": {
            "floating_ip_id": 315102,
            "id": "315102",
            "server_id": 7146538
          },
          "private": "bnVsbA==",
          "dependencies": [
            "module.gitlab_server.hcloud_server.web",
            "module.gitlab_server.hcloud_volume.default"
          ]
        }
      ]
    },
    {
      "module": "module.graylog_server",
      "mode": "managed",
      "type": "hcloud_floating_ip_assignment",
      "name": "main",
      "provider": "provider.hcloud",
      "instances": [
        {
          "schema_version": 0,
          "attributes": {
            "floating_ip_id": 287815,
            "id": "287815",
            "server_id": 6631256
          },
          "private": "bnVsbA==",
          "dependencies": [
            "module.graylog_server.hcloud_server.web",
            "module.graylog_server.hcloud_volume.default"
          ]
        }
      ]
    },
    {
      "module": "module.docker_registry_server",
      "mode": "managed",
      "type": "hcloud_floating_ip_assignment",
      "name": "main",
      "provider": "provider.hcloud",
      "instances": [
        {
          "schema_version": 0,
          "attributes": {
            "floating_ip_id": 222796,
            "id": "222796",
            "server_id": 7166715
          },
          "private": "bnVsbA==",
          "dependencies": [
            "module.docker_registry_server.hcloud_server.web",
            "module.docker_registry_server.hcloud_volume.default"
          ]
        }
      ]
    },
    {
      "module": "module.gitlab_server",
      "mode": "managed",
      "type": "hcloud_server",
      "name": "web",
      "provider": "provider.hcloud",
      "instances": [
        {
          "schema_version": 0,
          "attributes": {
            "backup_window": "",
            "backups": false,
            "datacenter": "nbg1-dc3",
            "id": "7146538",
            "image": "ubuntu-18.04",
            "ipv4_address": "195.201.98.66",
            "ipv6_address": "2a01:4f8:c2c:86fd::1",
            "ipv6_network": "2a01:4f8:c2c:86fd::/64",
            "iso": null,
            "keep_disk": false,
            "labels": {},
            "location": "nbg1",
            "name": "gitlab2-server",
            "rescue": null,
            "server_type": "cx31",
            "ssh_keys": [
              "colin.siew.macbook",
              "Thomas.Stieglmaier.macbook",
              "Florian.Heere.Laptop",
              "mario.schmidt.macbook"
            ],
            "status": "running",
            "user_data": null
          },
          "private": "bnVsbA==",
          "dependencies": [
            "module.gitlab_server.hcloud_volume.default"
          ]
        }
      ]
    },
    {
      "module": "module.graylog_server",
      "mode": "managed",
      "type": "hcloud_server",
      "name": "web",
      "provider": "provider.hcloud",
      "instances": [
        {
          "schema_version": 0,
          "attributes": {
            "backup_window": "",
            "backups": false,
            "datacenter": "nbg1-dc3",
            "id": "6631256",
            "image": "ubuntu-18.04",
            "ipv4_address": "116.203.199.19",
            "ipv6_address": "2a01:4f8:c0c:c1b1::1",
            "ipv6_network": "2a01:4f8:c0c:c1b1::/64",
            "iso": null,
            "keep_disk": false,
            "labels": {},
            "location": "nbg1",
            "name": "graylog-server",
            "rescue": null,
            "server_type": "cpx31",
            "ssh_keys": [
              "colin.siew.macbook",
              "Thomas.Stieglmaier.macbook",
              "Florian.Heere.Laptop",
              "mario.schmidt.macbook"
            ],
            "status": "running",
            "user_data": null
          },
          "private": "bnVsbA==",
          "dependencies": [
            "module.graylog_server.hcloud_volume.default"
          ]
        }
      ]
    },
    {
      "module": "module.docker_registry_server",
      "mode": "managed",
      "type": "hcloud_server",
      "name": "web",
      "provider": "provider.hcloud",
      "instances": [
        {
          "schema_version": 0,
          "attributes": {
            "backup_window": "",
            "backups": false,
            "datacenter": "nbg1-dc3",
            "id": "7166715",
            "image": "ubuntu-18.04",
            "ipv4_address": "116.203.157.144",
            "ipv6_address": "2a01:4f8:c0c:f6fd::1",
            "ipv6_network": "2a01:4f8:c0c:f6fd::/64",
            "iso": null,
            "keep_disk": false,
            "labels": {},
            "location": "nbg1",
            "name": "docker-registry-server",
            "rescue": null,
            "server_type": "cx11",
            "ssh_keys": [
              "colin.siew.macbook",
              "Thomas.Stieglmaier.macbook",
              "Florian.Heere.Laptop",
              "mario.schmidt.macbook"
            ],
            "status": "running",
            "user_data": null
          },
          "private": "bnVsbA==",
          "dependencies": [
            "module.docker_registry_server.hcloud_volume.default"
          ]
        }
      ]
    },
    {
      "module": "module.gitlab_server",
      "mode": "managed",
      "type": "hcloud_server_network",
      "name": "default",
      "provider": "provider.hcloud",
      "instances": [
        {
          "schema_version": 0,
          "attributes": {
            "alias_ips": [],
            "id": "7146538-64847",
            "ip": "10.0.0.11",
            "mac_address": "86:00:00:67:b9:25",
            "network_id": 64847,
            "server_id": 7146538
          },
          "private": "bnVsbA==",
          "dependencies": [
            "module.gitlab_server.hcloud_server.web",
            "module.gitlab_server.hcloud_volume.default"
          ]
        }
      ]
    },
    {
      "module": "module.graylog_server",
      "mode": "managed",
      "type": "hcloud_server_network",
      "name": "default",
      "provider": "provider.hcloud",
      "instances": [
        {
          "schema_version": 0,
          "attributes": {
            "alias_ips": [],
            "id": "6631256-64847",
            "ip": "10.0.0.9",
            "mac_address": "86:00:00:60:2e:ed",
            "network_id": 64847,
            "server_id": 6631256
          },
          "private": "bnVsbA==",
          "dependencies": [
            "module.graylog_server.hcloud_server.web",
            "module.graylog_server.hcloud_volume.default"
          ]
        }
      ]
    },
    {
      "module": "module.docker_registry_server",
      "mode": "managed",
      "type": "hcloud_server_network",
      "name": "default",
      "provider": "provider.hcloud",
      "instances": [
        {
          "schema_version": 0,
          "attributes": {
            "alias_ips": [],
            "id": "7166715-64847",
            "ip": "10.0.0.10",
            "mac_address": "86:00:00:68:04:a5",
            "network_id": 64847,
            "server_id": 7166715
          },
          "private": "bnVsbA==",
          "dependencies": [
            "module.docker_registry_server.hcloud_server.web",
            "module.docker_registry_server.hcloud_volume.default"
          ]
        }
      ]
    },
    {
      "module": "module.gitlab_server",
      "mode": "managed",
      "type": "hcloud_volume",
      "name": "default",
      "provider": "provider.hcloud",
      "instances": [
        {
          "schema_version": 0,
          "attributes": {
            "automount": null,
            "format": "ext4",
            "id": "6655141",
            "labels": {},
            "linux_device": "/dev/disk/by-id/scsi-0HC_Volume_6655141",
            "location": "nbg1",
            "name": "gitlab2-volume",
            "server_id": 7146538,
            "size": 20
          },
          "private": "bnVsbA=="
        }
      ]
    },
    {
      "module": "module.graylog_server",
      "mode": "managed",
      "type": "hcloud_volume",
      "name": "default",
      "provider": "provider.hcloud",
      "instances": [
        {
          "schema_version": 0,
          "attributes": {
            "automount": null,
            "format": "ext4",
            "id": "6196577",
            "labels": {},
            "linux_device": "/dev/disk/by-id/scsi-0HC_Volume_6196577",
            "location": "nbg1",
            "name": "graylog-volume",
            "server_id": 6631256,
            "size": 20
          },
          "private": "bnVsbA=="
        }
      ]
    },
    {
      "module": "module.docker_registry_server",
      "mode": "managed",
      "type": "hcloud_volume",
      "name": "default",
      "provider": "provider.hcloud",
      "instances": [
        {
          "schema_version": 0,
          "attributes": {
            "automount": null,
            "format": "ext4",
            "id": "6673002",
            "labels": {},
            "linux_device": "/dev/disk/by-id/scsi-0HC_Volume_6673002",
            "location": "nbg1",
            "name": "docker-registry-volume",
            "server_id": 7166715,
            "size": 20
          },
          "private": "bnVsbA=="
        }
      ]
    },
    {
      "module": "module.gitlab_server",
      "mode": "managed",
      "type": "hcloud_volume_attachment",
      "name": "main",
      "provider": "provider.hcloud",
      "instances": [
        {
          "schema_version": 0,
          "attributes": {
            "automount": true,
            "id": "6655141",
            "server_id": 7146538,
            "volume_id": 6655141
          },
          "private": "bnVsbA==",
          "dependencies": [
            "module.gitlab_server.hcloud_server.web",
            "module.gitlab_server.hcloud_volume.default"
          ]
        }
      ]
    },
    {
      "module": "module.graylog_server",
      "mode": "managed",
      "type": "hcloud_volume_attachment",
      "name": "main",
      "provider": "provider.hcloud",
      "instances": [
        {
          "schema_version": 0,
          "attributes": {
            "automount": true,
            "id": "6196577",
            "server_id": 6631256,
            "volume_id": 6196577
          },
          "private": "bnVsbA==",
          "dependencies": [
            "module.graylog_server.hcloud_server.web",
            "module.graylog_server.hcloud_volume.default"
          ]
        }
      ]
    },
    {
      "module": "module.docker_registry_server",
      "mode": "managed",
      "type": "hcloud_volume_attachment",
      "name": "main",
      "provider": "provider.hcloud",
      "instances": [
        {
          "schema_version": 0,
          "attributes": {
            "automount": true,
            "id": "6673002",
            "server_id": 7166715,
            "volume_id": 6673002
          },
          "private": "bnVsbA==",
          "dependencies": [
            "module.docker_registry_server.hcloud_server.web",
            "module.docker_registry_server.hcloud_volume.default"
          ]
        }
      ]
    }
  ]
}
