{
  "version": 4,
  "terraform_version": "0.12.24",
  "serial": 81,
  "lineage": "1969850e-adb2-1171-5cf2-da2b3b4610e4",
  "outputs": {
    "graylog_ip": {
      "value": {
        "floating": "116.202.179.2",
        "linux_device": "/dev/disk/by-id/scsi-0HC_Volume_6077099",
        "server": "159.69.145.52"
      },
      "type": [
        "object",
        {
          "floating": "string",
          "linux_device": "string",
          "server": "string"
        }
      ]
    },
    "test_ip": {
      "value": {
        "floating": "116.202.179.187",
        "linux_device": "/dev/disk/by-id/scsi-0HC_Volume_6077098",
        "server": "116.203.199.19"
      },
      "type": [
        "object",
        {
          "floating": "string",
          "linux_device": "string",
          "server": "string"
        }
      ]
    }
  },
  "resources": [
    {
      "module": "module.test_server",
      "mode": "managed",
      "type": "hcloud_floating_ip",
      "name": "master",
      "provider": "provider.hcloud",
      "instances": [
        {
          "schema_version": 0,
          "attributes": {
            "description": "",
            "home_location": "nbg1",
            "id": "289142",
            "ip_address": "116.202.179.187",
            "ip_network": null,
            "labels": null,
            "name": "test.ikor.de",
            "server_id": null,
            "type": "ipv4"
          },
          "private": "bnVsbA=="
        }
      ]
    },
    {
      "module": "module.graylog_server",
      "mode": "managed",
      "type": "hcloud_floating_ip",
      "name": "master",
      "provider": "provider.hcloud",
      "instances": [
        {
          "schema_version": 0,
          "attributes": {
            "description": "",
            "home_location": "nbg1",
            "id": "289143",
            "ip_address": "116.202.179.2",
            "ip_network": null,
            "labels": null,
            "name": "logs.ikor.de",
            "server_id": null,
            "type": "ipv4"
          },
          "private": "bnVsbA=="
        }
      ]
    },
    {
      "module": "module.test_server",
      "mode": "managed",
      "type": "hcloud_floating_ip_assignment",
      "name": "main",
      "provider": "provider.hcloud",
      "instances": [
        {
          "schema_version": 0,
          "attributes": {
            "floating_ip_id": 289142,
            "id": "289142",
            "server_id": 6510266
          },
          "private": "bnVsbA==",
          "dependencies": [
            "module.test_server.hcloud_floating_ip.master",
            "module.test_server.hcloud_server.web",
            "module.test_server.hcloud_volume.default"
          ]
        }
      ]
    },
    {
      "module": "module.graylog_server",
      "mode": "managed",
      "type": "hcloud_floating_ip_assignment",
      "name": "main",
      "provider": "provider.hcloud",
      "instances": [
        {
          "schema_version": 0,
          "attributes": {
            "floating_ip_id": 289143,
            "id": "289143",
            "server_id": 6510267
          },
          "private": "bnVsbA==",
          "dependencies": [
            "module.graylog_server.hcloud_floating_ip.master",
            "module.graylog_server.hcloud_server.web",
            "module.graylog_server.hcloud_volume.default"
          ]
        }
      ]
    },
    {
      "module": "module.test_server",
      "mode": "managed",
      "type": "hcloud_rdns",
      "name": "master",
      "provider": "provider.hcloud",
      "instances": [
        {
          "schema_version": 0,
          "attributes": {
            "dns_ptr": "test.ikor.de",
            "floating_ip_id": 289142,
            "id": "f-289142-116.202.179.187",
            "ip_address": "116.202.179.187",
            "server_id": null
          },
          "private": "bnVsbA==",
          "dependencies": [
            "module.test_server.hcloud_floating_ip.master",
            "module.test_server.hcloud_floating_ip_assignment.main",
            "module.test_server.hcloud_server.web",
            "module.test_server.hcloud_volume.default"
          ]
        }
      ]
    },
    {
      "module": "module.graylog_server",
      "mode": "managed",
      "type": "hcloud_rdns",
      "name": "master",
      "provider": "provider.hcloud",
      "instances": [
        {
          "schema_version": 0,
          "attributes": {
            "dns_ptr": "logs.ikor.de",
            "floating_ip_id": 289143,
            "id": "f-289143-116.202.179.2",
            "ip_address": "116.202.179.2",
            "server_id": null
          },
          "private": "bnVsbA==",
          "dependencies": [
            "module.graylog_server.hcloud_floating_ip.master",
            "module.graylog_server.hcloud_floating_ip_assignment.main",
            "module.graylog_server.hcloud_server.web",
            "module.graylog_server.hcloud_volume.default"
          ]
        }
      ]
    },
    {
      "module": "module.test_server",
      "mode": "managed",
      "type": "hcloud_server",
      "name": "web",
      "provider": "provider.hcloud",
      "instances": [
        {
          "schema_version": 0,
          "attributes": {
            "backup_window": "",
            "backups": false,
            "datacenter": "nbg1-dc3",
            "id": "6510266",
            "image": "ubuntu-18.04",
            "ipv4_address": "116.203.199.19",
            "ipv6_address": "2a01:4f8:c2c:ffd::1",
            "ipv6_network": "2a01:4f8:c2c:ffd::/64",
            "iso": null,
            "keep_disk": false,
            "labels": null,
            "location": "nbg1",
            "name": "test-server",
            "rescue": null,
            "server_type": "cx11",
            "ssh_keys": [
              "colin.siew.macbook",
              "Thomas.Stieglmaier.macbook",
              "Florian.Heere.Laptop",
              "mario.schmidt.macbook"
            ],
            "status": "running",
            "user_data": null
          },
          "private": "bnVsbA==",
          "dependencies": [
            "module.test_server.hcloud_volume.default"
          ]
        }
      ]
    },
    {
      "module": "module.graylog_server",
      "mode": "managed",
      "type": "hcloud_server",
      "name": "web",
      "provider": "provider.hcloud",
      "instances": [
        {
          "schema_version": 0,
          "attributes": {
            "backup_window": "",
            "backups": false,
            "datacenter": "nbg1-dc3",
            "id": "6510267",
            "image": "ubuntu-18.04",
            "ipv4_address": "159.69.145.52",
            "ipv6_address": "2a01:4f8:c0c:c1b1::1",
            "ipv6_network": "2a01:4f8:c0c:c1b1::/64",
            "iso": null,
            "keep_disk": false,
            "labels": null,
            "location": "nbg1",
            "name": "graylog-server",
            "rescue": null,
            "server_type": "cx11",
            "ssh_keys": [
              "colin.siew.macbook",
              "Thomas.Stieglmaier.macbook",
              "Florian.Heere.Laptop",
              "mario.schmidt.macbook"
            ],
            "status": "running",
            "user_data": null
          },
          "private": "bnVsbA==",
          "dependencies": [
            "module.graylog_server.hcloud_volume.default"
          ]
        }
      ]
    },
    {
      "module": "module.test_server",
      "mode": "managed",
      "type": "hcloud_volume",
      "name": "default",
      "provider": "provider.hcloud",
      "instances": [
        {
          "schema_version": 0,
          "attributes": {
            "automount": null,
            "format": "ext4",
            "id": "6077098",
            "labels": null,
            "linux_device": "/dev/disk/by-id/scsi-0HC_Volume_6077098",
            "location": "nbg1",
            "name": "test-volume",
            "server_id": null,
            "size": 20
          },
          "private": "bnVsbA=="
        }
      ]
    },
    {
      "module": "module.graylog_server",
      "mode": "managed",
      "type": "hcloud_volume",
      "name": "default",
      "provider": "provider.hcloud",
      "instances": [
        {
          "schema_version": 0,
          "attributes": {
            "automount": null,
            "format": "ext4",
            "id": "6077099",
            "labels": null,
            "linux_device": "/dev/disk/by-id/scsi-0HC_Volume_6077099",
            "location": "nbg1",
            "name": "graylog-volume",
            "server_id": null,
            "size": 20
          },
          "private": "bnVsbA=="
        }
      ]
    },
    {
      "module": "module.test_server",
      "mode": "managed",
      "type": "hcloud_volume_attachment",
      "name": "main",
      "provider": "provider.hcloud",
      "instances": [
        {
          "schema_version": 0,
          "attributes": {
            "automount": true,
            "id": "6077098",
            "server_id": 6510266,
            "volume_id": 6077098
          },
          "private": "bnVsbA==",
          "dependencies": [
            "module.test_server.hcloud_server.web",
            "module.test_server.hcloud_volume.default"
          ]
        }
      ]
    },
    {
      "module": "module.graylog_server",
      "mode": "managed",
      "type": "hcloud_volume_attachment",
      "name": "main",
      "provider": "provider.hcloud",
      "instances": [
        {
          "schema_version": 0,
          "attributes": {
            "automount": true,
            "id": "6077099",
            "server_id": 6510267,
            "volume_id": 6077099
          },
          "private": "bnVsbA==",
          "dependencies": [
            "module.graylog_server.hcloud_server.web",
            "module.graylog_server.hcloud_volume.default"
          ]
        }
      ]
    }
  ]
}
